
Microsoft Visual Studio Solution File, Format Version 12.00
# Visual Studio Version 17
VisualStudioVersion = 17.0.32112.339
MinimumVisualStudioVersion = 10.0.40219.1
Project("{2150E333-8FDC-42A3-9474-1A3956D46DE8}") = "Sources", "Sources", "{142CCA43-96DE-4305-90B9-7B8A20FE21D6}"
EndProject
Project("{2150E333-8FDC-42A3-9474-1A3956D46DE8}") = "Api", "Api", "{CF32B55D-DCF3-46D3-B412-C8ED341EE8A0}"
EndProject
Project("{2150E333-8FDC-42A3-9474-1A3956D46DE8}") = "Core", "Core", "{03CABB01-B7C0-4560-94D9-BC8489F30602}"
EndProject
Project("{2150E333-8FDC-42A3-9474-1A3956D46DE8}") = "Infrastructure", "Infrastructure", "{0FBDB601-F5F5-49F4-9F86-5E2036E01E5E}"
EndProject
Project("{9A19103F-16F7-4668-BE54-9A1E7A4F7556}") = "Domain", "Sources\Core\MedicalOffice.Domain\Domain.csproj", "{A64E1FA0-26A7-4632-A0F7-FD05509978C2}"
EndProject
Project("{9A19103F-16F7-4668-BE54-9A1E7A4F7556}") = "Application", "Sources\Core\MedicalOffice.Application\Application.csproj", "{FDAA92BA-722E-4C8D-A8BD-B85B3BAC44E7}"
EndProject
Project("{9A19103F-16F7-4668-BE54-9A1E7A4F7556}") = "Infrastructure", "Sources\Infrastructure\MedicalOffice.Infrastructure\Infrastructure.csproj", "{454A2EC1-4C2D-4E13-BC41-0CC3F4B6DD60}"
EndProject
Project("{9A19103F-16F7-4668-BE54-9A1E7A4F7556}") = "Persistence", "Sources\Infrastructure\MedicalOffice.Persistence\Persistence.csproj", "{80744BE0-A9F9-4150-A9D2-699C609A1108}"
EndProject
Project("{9A19103F-16F7-4668-BE54-9A1E7A4F7556}") = "WebApi", "Sources\Api\MedicalOffice.WebApi\WebApi.csproj", "{D6C83E7D-5251-4BEC-90E7-6B5A546E50C6}"
EndProject
Project("{2150E333-8FDC-42A3-9474-1A3956D46DE8}") = "Tests", "Tests", "{2768622F-20D3-4C96-AD33-07C5BC3FD772}"
EndProject
Project("{9A19103F-16F7-4668-BE54-9A1E7A4F7556}") = "Identity", "Sources\Infrastructure\MedicalOffice.Identity\Identity.csproj", "{F4A1403A-5670-4E78-B21B-4DA97A5E40D7}"
EndProject
Global
	GlobalSection(SolutionConfigurationPlatforms) = preSolution
		Debug|Any CPU = Debug|Any CPU
		Release|Any CPU = Release|Any CPU
	EndGlobalSection
	GlobalSection(ProjectConfigurationPlatforms) = postSolution
		{A64E1FA0-26A7-4632-A0F7-FD05509978C2}.Debug|Any CPU.ActiveCfg = Debug|Any CPU
		{A64E1FA0-26A7-4632-A0F7-FD05509978C2}.Debug|Any CPU.Build.0 = Debug|Any CPU
		{A64E1FA0-26A7-4632-A0F7-FD05509978C2}.Release|Any CPU.ActiveCfg = Release|Any CPU
		{A64E1FA0-26A7-4632-A0F7-FD05509978C2}.Release|Any CPU.Build.0 = Release|Any CPU
		{FDAA92BA-722E-4C8D-A8BD-B85B3BAC44E7}.Debug|Any CPU.ActiveCfg = Debug|Any CPU
		{FDAA92BA-722E-4C8D-A8BD-B85B3BAC44E7}.Debug|Any CPU.Build.0 = Debug|Any CPU
		{FDAA92BA-722E-4C8D-A8BD-B85B3BAC44E7}.Release|Any CPU.ActiveCfg = Release|Any CPU
		{FDAA92BA-722E-4C8D-A8BD-B85B3BAC44E7}.Release|Any CPU.Build.0 = Release|Any CPU
		{454A2EC1-4C2D-4E13-BC41-0CC3F4B6DD60}.Debug|Any CPU.ActiveCfg = Debug|Any CPU
		{454A2EC1-4C2D-4E13-BC41-0CC3F4B6DD60}.Debug|Any CPU.Build.0 = Debug|Any CPU
		{454A2EC1-4C2D-4E13-BC41-0CC3F4B6DD60}.Release|Any CPU.ActiveCfg = Release|Any CPU
		{454A2EC1-4C2D-4E13-BC41-0CC3F4B6DD60}.Release|Any CPU.Build.0 = Release|Any CPU
		{80744BE0-A9F9-4150-A9D2-699C609A1108}.Debug|Any CPU.ActiveCfg = Debug|Any CPU
		{80744BE0-A9F9-4150-A9D2-699C609A1108}.Debug|Any CPU.Build.0 = Debug|Any CPU
		{80744BE0-A9F9-4150-A9D2-699C609A1108}.Release|Any CPU.ActiveCfg = Release|Any CPU
		{80744BE0-A9F9-4150-A9D2-699C609A1108}.Release|Any CPU.Build.0 = Release|Any CPU
		{D6C83E7D-5251-4BEC-90E7-6B5A546E50C6}.Debug|Any CPU.ActiveCfg = Debug|Any CPU
		{D6C83E7D-5251-4BEC-90E7-6B5A546E50C6}.Debug|Any CPU.Build.0 = Debug|Any CPU
		{D6C83E7D-5251-4BEC-90E7-6B5A546E50C6}.Release|Any CPU.ActiveCfg = Release|Any CPU
		{D6C83E7D-5251-4BEC-90E7-6B5A546E50C6}.Release|Any CPU.Build.0 = Release|Any CPU
		{F4A1403A-5670-4E78-B21B-4DA97A5E40D7}.Debug|Any CPU.ActiveCfg = Debug|Any CPU
		{F4A1403A-5670-4E78-B21B-4DA97A5E40D7}.Debug|Any CPU.Build.0 = Debug|Any CPU
		{F4A1403A-5670-4E78-B21B-4DA97A5E40D7}.Release|Any CPU.ActiveCfg = Release|Any CPU
		{F4A1403A-5670-4E78-B21B-4DA97A5E40D7}.Release|Any CPU.Build.0 = Release|Any CPU
	EndGlobalSection
	GlobalSection(SolutionProperties) = preSolution
		HideSolutionNode = FALSE
	EndGlobalSection
	GlobalSection(NestedProjects) = preSolution
		{CF32B55D-DCF3-46D3-B412-C8ED341EE8A0} = {142CCA43-96DE-4305-90B9-7B8A20FE21D6}
		{03CABB01-B7C0-4560-94D9-BC8489F30602} = {142CCA43-96DE-4305-90B9-7B8A20FE21D6}
		{0FBDB601-F5F5-49F4-9F86-5E2036E01E5E} = {142CCA43-96DE-4305-90B9-7B8A20FE21D6}
		{A64E1FA0-26A7-4632-A0F7-FD05509978C2} = {03CABB01-B7C0-4560-94D9-BC8489F30602}
		{FDAA92BA-722E-4C8D-A8BD-B85B3BAC44E7} = {03CABB01-B7C0-4560-94D9-BC8489F30602}
		{454A2EC1-4C2D-4E13-BC41-0CC3F4B6DD60} = {0FBDB601-F5F5-49F4-9F86-5E2036E01E5E}
		{80744BE0-A9F9-4150-A9D2-699C609A1108} = {0FBDB601-F5F5-49F4-9F86-5E2036E01E5E}
		{D6C83E7D-5251-4BEC-90E7-6B5A546E50C6} = {CF32B55D-DCF3-46D3-B412-C8ED341EE8A0}
		{F4A1403A-5670-4E78-B21B-4DA97A5E40D7} = {0FBDB601-F5F5-49F4-9F86-5E2036E01E5E}
	EndGlobalSection
	GlobalSection(ExtensibilityGlobals) = postSolution
		SolutionGuid = {D7324713-DA3F-4630-87E5-87D5B0044809}
	EndGlobalSection
EndGlobal
